
Microsoft Visual Studio Solution File, Format Version 12.00
# Visual Studio 2012
Project("{FAE04EC0-301F-11D3-BF4B-00C04F79EFBC}") = "NLogSQlite", "NLogSQlite.csproj", "{DD5BAE8A-AF2F-4987-BD77-0D3FD5AC57E7}"
EndProject
Global
	GlobalSection(SolutionConfigurationPlatforms) = preSolution
		Debug|Any CPU = Debug|Any CPU
		Release|Any CPU = Release|Any CPU
	EndGlobalSection
	GlobalSection(ProjectConfigurationPlatforms) = postSolution
		{DD5BAE8A-AF2F-4987-BD77-0D3FD5AC57E7}.Debug|Any CPU.ActiveCfg = Debug|Any CPU
		{DD5BAE8A-AF2F-4987-BD77-0D3FD5AC57E7}.Debug|Any CPU.Build.0 = Debug|Any CPU
		{DD5BAE8A-AF2F-4987-BD77-0D3FD5AC57E7}.Release|Any CPU.ActiveCfg = Release|Any CPU
		{DD5BAE8A-AF2F-4987-BD77-0D3FD5AC57E7}.Release|Any CPU.Build.0 = Release|Any CPU
	EndGlobalSection
	GlobalSection(SolutionProperties) = preSolution
		HideSolutionNode = FALSE
	EndGlobalSection
EndGlobal
